
Microsoft Visual Studio Solution File, Format Version 12.00
# Visual Studio Version 17
VisualStudioVersion = 17.7.34031.279
MinimumVisualStudioVersion = 10.0.40219.1
Project("{FAE04EC0-301F-11D3-BF4B-00C04F79EFBC}") = "HTTPServer", "HTTPServer.csproj", "{6CF09111-95B0-4256-AC8A-87CBD7FEECBE}"
EndProject
Global
	GlobalSection(SolutionConfigurationPlatforms) = preSolution
		Debug|Any CPU = Debug|Any CPU
		Release|Any CPU = Release|Any CPU
	EndGlobalSection
	GlobalSection(ProjectConfigurationPlatforms) = postSolution
		{6CF09111-95B0-4256-AC8A-87CBD7FEECBE}.Debug|Any CPU.ActiveCfg = Debug|Any CPU
		{6CF09111-95B0-4256-AC8A-87CBD7FEECBE}.Debug|Any CPU.Build.0 = Debug|Any CPU
		{6CF09111-95B0-4256-AC8A-87CBD7FEECBE}.Release|Any CPU.ActiveCfg = Release|Any CPU
		{6CF09111-95B0-4256-AC8A-87CBD7FEECBE}.Release|Any CPU.Build.0 = Release|Any CPU
	EndGlobalSection
	GlobalSection(SolutionProperties) = preSolution
		HideSolutionNode = FALSE
	EndGlobalSection
	GlobalSection(ExtensibilityGlobals) = postSolution
		SolutionGuid = {2186AE12-23A4-4022-9D2C-6A00310AD936}
	EndGlobalSection
EndGlobal
